
Microsoft Visual Studio Solution File, Format Version 12.00
# Visual Studio Version 17
VisualStudioVersion = 17.13.35931.197 d17.13
MinimumVisualStudioVersion = 10.0.40219.1
Project("{888888A0-9F3D-457C-B088-3A5042F75D52}") = "Decorator", "Decorator\Decorator.pyproj", "{05EA4260-2838-4B86-8F7B-71D75AA47ABC}"
EndProject
Global
	GlobalSection(SolutionConfigurationPlatforms) = preSolution
		Debug|Any CPU = Debug|Any CPU
		Release|Any CPU = Release|Any CPU
	EndGlobalSection
	GlobalSection(ProjectConfigurationPlatforms) = postSolution
		{05EA4260-2838-4B86-8F7B-71D75AA47ABC}.Debug|Any CPU.ActiveCfg = Debug|Any CPU
		{05EA4260-2838-4B86-8F7B-71D75AA47ABC}.Release|Any CPU.ActiveCfg = Release|Any CPU
	EndGlobalSection
	GlobalSection(SolutionProperties) = preSolution
		HideSolutionNode = FALSE
	EndGlobalSection
	GlobalSection(ExtensibilityGlobals) = postSolution
		SolutionGuid = {7C8F5CC5-BE09-437F-9D73-20C7D62D8E45}
	EndGlobalSection
EndGlobal
